#
# This file is autogenerated by pip-compile with Python 3.12
# by the following command:
#
#    pip-compile --cert=None --client-cert=None --generate-hashes --index-url=None --output-file=.github/requirements-build.lock --pip-args=None .github/requirements-build.in
#
build==1.2.2 \
    --hash=sha256:119b2fb462adef986483438377a13b2f42064a2a3a4161f24a0cca698a07ac8c \
    --hash=sha256:277ccc71619d98afdd841a0e96ac9fe1593b823af481d3b0cea748e8894e0613
    # via -r .github/requirements-build.in
iniconfig==2.1.0 \
    --hash=sha256:3abbd2e30b36733fee78f9c7f7308f2d0050e88f0087fd25c2645f63c773e1c7 \
    --hash=sha256:9deba5723312380e77435581c6bf4935c94cbfab9b1ed33ef8d238ea168eb760
    # via pytest
packaging==25.0 \
    --hash=sha256:29572ef2b1f17581046b3a2227d5c611fb25ec70ca1ba8554b24b0e69331a484 \
    --hash=sha256:d443872c98d677bf60f6a1f2f8c1cb748e8fe762d2bf9d3148b5599295b0fc4f
    # via
    #   build
    #   pytest
pluggy==1.6.0 \
    --hash=sha256:7dcc130b76258d33b90f61b658791dede3486c3e6bfb003ee5c9bfb396dd22f3 \
    --hash=sha256:e920276dd6813095e9377c0bc5566d94c932c33b27a3e3945d8389c374dd4746
    # via pytest
pyproject-hooks==1.2.0 \
    --hash=sha256:1e859bd5c40fae9448642dd871adf459e5e2084186e8d2c2a79a824c970da1f8 \
    --hash=sha256:9e5c6bfa8dcc30091c74b0cf803c81fdd29d94f01992a7707bc97babb1141913
    # via build
pytest==8.3.3 \
    --hash=sha256:70b98107bd648308a7952b06e6ca9a50bc660be218d53c257cc1fc94fda10181 \
    --hash=sha256:a6853c7375b2663155079443d2e45de913a911a11d669df02a50814944db57b2
    # via -r .github/requirements-build.in
